{
    "name": "togosutils-project",
    "lockfileVersion": 2,
    "requires": true,
    "packages": {
        "": {
            "name": "togosutils-project",
            "dependencies": {
                "tshash": "^1.7.0",
                "typescript": "^3.8.2"
            },
            "devDependencies": {
                "@types/node": "^18.0.0"
            }
        },
        "node_modules/@types/node": {
            "version": "18.0.0",
            "resolved": "https://registry.npmjs.org/@types/node/-/node-18.0.0.tgz",
            "integrity": "sha512-cHlGmko4gWLVI27cGJntjs/Sj8th9aYwplmZFwmmgYQQvL5NUsgVJG7OddLvNfLqYS31KFN0s3qlaD9qCaxACA==",
            "dev": true
        },
        "node_modules/tshash": {
            "version": "1.7.0",
            "resolved": "https://registry.npmjs.org/tshash/-/tshash-1.7.0.tgz",
            "integrity": "sha1-oOmN0FTa1UAM0WfUNQWVsp6thvM="
        },
        "node_modules/typescript": {
            "version": "3.8.2",
            "resolved": "https://registry.npmjs.org/typescript/-/typescript-3.8.2.tgz",
            "integrity": "sha512-EgOVgL/4xfVrCMbhYKUQTdF37SQn4Iw73H5BgCrF1Abdun7Kwy/QZsE/ssAy0y4LxBbvua3PIbFsbRczWWnDdQ==",
            "bin": {
                "tsc": "bin/tsc",
                "tsserver": "bin/tsserver"
            },
            "engines": {
                "node": ">=4.2.0"
            }
        }
    },
    "dependencies": {
        "@types/node": {
            "version": "18.0.0",
            "resolved": "https://registry.npmjs.org/@types/node/-/node-18.0.0.tgz",
            "integrity": "sha512-cHlGmko4gWLVI27cGJntjs/Sj8th9aYwplmZFwmmgYQQvL5NUsgVJG7OddLvNfLqYS31KFN0s3qlaD9qCaxACA==",
            "dev": true
        },
        "tshash": {
            "version": "1.7.0",
            "resolved": "https://registry.npmjs.org/tshash/-/tshash-1.7.0.tgz",
            "integrity": "sha1-oOmN0FTa1UAM0WfUNQWVsp6thvM="
        },
        "typescript": {
            "version": "3.8.2",
            "resolved": "https://registry.npmjs.org/typescript/-/typescript-3.8.2.tgz",
            "integrity": "sha512-EgOVgL/4xfVrCMbhYKUQTdF37SQn4Iw73H5BgCrF1Abdun7Kwy/QZsE/ssAy0y4LxBbvua3PIbFsbRczWWnDdQ=="
        }
    }
}
